
Microsoft Visual Studio Solution File, Format Version 12.00
# Visual Studio Version 17
VisualStudioVersion = 17.11.35312.102
MinimumVisualStudioVersion = 10.0.40219.1
Project("{FAE04EC0-301F-11D3-BF4B-00C04F79EFBC}") = "11. Tehtävä 11 toinen vaihtoehto", "11. Tehtävä 11 toinen vaihtoehto\11. Tehtävä 11 toinen vaihtoehto.csproj", "{96D737D9-DE24-4A4B-A78E-F1DCE07B54CF}"
EndProject
Global
	GlobalSection(SolutionConfigurationPlatforms) = preSolution
		Debug|Any CPU = Debug|Any CPU
		Release|Any CPU = Release|Any CPU
	EndGlobalSection
	GlobalSection(ProjectConfigurationPlatforms) = postSolution
		{96D737D9-DE24-4A4B-A78E-F1DCE07B54CF}.Debug|Any CPU.ActiveCfg = Debug|Any CPU
		{96D737D9-DE24-4A4B-A78E-F1DCE07B54CF}.Debug|Any CPU.Build.0 = Debug|Any CPU
		{96D737D9-DE24-4A4B-A78E-F1DCE07B54CF}.Release|Any CPU.ActiveCfg = Release|Any CPU
		{96D737D9-DE24-4A4B-A78E-F1DCE07B54CF}.Release|Any CPU.Build.0 = Release|Any CPU
	EndGlobalSection
	GlobalSection(SolutionProperties) = preSolution
		HideSolutionNode = FALSE
	EndGlobalSection
	GlobalSection(ExtensibilityGlobals) = postSolution
		SolutionGuid = {041F4B09-8295-4070-A70A-EAE107F48B80}
	EndGlobalSection
EndGlobal
