
Microsoft Visual Studio Solution File, Format Version 12.00
# Visual Studio Version 17
VisualStudioVersion = 17.11.35312.102
MinimumVisualStudioVersion = 10.0.40219.1
Project("{FAE04EC0-301F-11D3-BF4B-00C04F79EFBC}") = "12. Tehtävä 2", "12. Tehtävä 2\12. Tehtävä 2.csproj", "{DCB0EB67-06A6-495D-BDF8-F80F798F3784}"
EndProject
Global
	GlobalSection(SolutionConfigurationPlatforms) = preSolution
		Debug|Any CPU = Debug|Any CPU
		Release|Any CPU = Release|Any CPU
	EndGlobalSection
	GlobalSection(ProjectConfigurationPlatforms) = postSolution
		{DCB0EB67-06A6-495D-BDF8-F80F798F3784}.Debug|Any CPU.ActiveCfg = Debug|Any CPU
		{DCB0EB67-06A6-495D-BDF8-F80F798F3784}.Debug|Any CPU.Build.0 = Debug|Any CPU
		{DCB0EB67-06A6-495D-BDF8-F80F798F3784}.Release|Any CPU.ActiveCfg = Release|Any CPU
		{DCB0EB67-06A6-495D-BDF8-F80F798F3784}.Release|Any CPU.Build.0 = Release|Any CPU
	EndGlobalSection
	GlobalSection(SolutionProperties) = preSolution
		HideSolutionNode = FALSE
	EndGlobalSection
	GlobalSection(ExtensibilityGlobals) = postSolution
		SolutionGuid = {F8EAF45B-5499-463E-893A-714A47E8703C}
	EndGlobalSection
EndGlobal
