
Microsoft Visual Studio Solution File, Format Version 12.00
# Visual Studio Version 17
VisualStudioVersion = 17.11.35312.102
MinimumVisualStudioVersion = 10.0.40219.1
Project("{FAE04EC0-301F-11D3-BF4B-00C04F79EFBC}") = "5. Tehtävä 5", "5. Tehtävä 5\5. Tehtävä 5.csproj", "{DB3892B3-55FF-4CDF-9C5C-B89AF0D33DCF}"
EndProject
Global
	GlobalSection(SolutionConfigurationPlatforms) = preSolution
		Debug|Any CPU = Debug|Any CPU
		Release|Any CPU = Release|Any CPU
	EndGlobalSection
	GlobalSection(ProjectConfigurationPlatforms) = postSolution
		{DB3892B3-55FF-4CDF-9C5C-B89AF0D33DCF}.Debug|Any CPU.ActiveCfg = Debug|Any CPU
		{DB3892B3-55FF-4CDF-9C5C-B89AF0D33DCF}.Debug|Any CPU.Build.0 = Debug|Any CPU
		{DB3892B3-55FF-4CDF-9C5C-B89AF0D33DCF}.Release|Any CPU.ActiveCfg = Release|Any CPU
		{DB3892B3-55FF-4CDF-9C5C-B89AF0D33DCF}.Release|Any CPU.Build.0 = Release|Any CPU
	EndGlobalSection
	GlobalSection(SolutionProperties) = preSolution
		HideSolutionNode = FALSE
	EndGlobalSection
	GlobalSection(ExtensibilityGlobals) = postSolution
		SolutionGuid = {1C161129-151A-4AA9-B910-F10FFD9F4C8D}
	EndGlobalSection
EndGlobal
