
Microsoft Visual Studio Solution File, Format Version 12.00
# Visual Studio Version 17
VisualStudioVersion = 17.11.35312.102
MinimumVisualStudioVersion = 10.0.40219.1
Project("{FAE04EC0-301F-11D3-BF4B-00C04F79EFBC}") = "7. Tehtävä 9", "7. Tehtävä 9\7. Tehtävä 9.csproj", "{D8F499AB-7D44-476A-B24A-6033C6DEFF3F}"
EndProject
Global
	GlobalSection(SolutionConfigurationPlatforms) = preSolution
		Debug|Any CPU = Debug|Any CPU
		Release|Any CPU = Release|Any CPU
	EndGlobalSection
	GlobalSection(ProjectConfigurationPlatforms) = postSolution
		{D8F499AB-7D44-476A-B24A-6033C6DEFF3F}.Debug|Any CPU.ActiveCfg = Debug|Any CPU
		{D8F499AB-7D44-476A-B24A-6033C6DEFF3F}.Debug|Any CPU.Build.0 = Debug|Any CPU
		{D8F499AB-7D44-476A-B24A-6033C6DEFF3F}.Release|Any CPU.ActiveCfg = Release|Any CPU
		{D8F499AB-7D44-476A-B24A-6033C6DEFF3F}.Release|Any CPU.Build.0 = Release|Any CPU
	EndGlobalSection
	GlobalSection(SolutionProperties) = preSolution
		HideSolutionNode = FALSE
	EndGlobalSection
	GlobalSection(ExtensibilityGlobals) = postSolution
		SolutionGuid = {3400FEA0-5480-4566-A0BD-82FA0D7757FC}
	EndGlobalSection
EndGlobal
