
Microsoft Visual Studio Solution File, Format Version 12.00
# Visual Studio Version 17
VisualStudioVersion = 17.11.35312.102
MinimumVisualStudioVersion = 10.0.40219.1
Project("{FAE04EC0-301F-11D3-BF4B-00C04F79EFBC}") = "7. Tehtävä 5", "7. Tehtävä 5\7. Tehtävä 5.csproj", "{B81FD804-BDC0-4DFB-9B7F-9413AA7C50B8}"
EndProject
Global
	GlobalSection(SolutionConfigurationPlatforms) = preSolution
		Debug|Any CPU = Debug|Any CPU
		Release|Any CPU = Release|Any CPU
	EndGlobalSection
	GlobalSection(ProjectConfigurationPlatforms) = postSolution
		{B81FD804-BDC0-4DFB-9B7F-9413AA7C50B8}.Debug|Any CPU.ActiveCfg = Debug|Any CPU
		{B81FD804-BDC0-4DFB-9B7F-9413AA7C50B8}.Debug|Any CPU.Build.0 = Debug|Any CPU
		{B81FD804-BDC0-4DFB-9B7F-9413AA7C50B8}.Release|Any CPU.ActiveCfg = Release|Any CPU
		{B81FD804-BDC0-4DFB-9B7F-9413AA7C50B8}.Release|Any CPU.Build.0 = Release|Any CPU
	EndGlobalSection
	GlobalSection(SolutionProperties) = preSolution
		HideSolutionNode = FALSE
	EndGlobalSection
	GlobalSection(ExtensibilityGlobals) = postSolution
		SolutionGuid = {D8134E79-6070-42B6-B42D-AD0A03B19925}
	EndGlobalSection
EndGlobal
