
Microsoft Visual Studio Solution File, Format Version 12.00
# Visual Studio Version 17
VisualStudioVersion = 17.11.35312.102
MinimumVisualStudioVersion = 10.0.40219.1
Project("{FAE04EC0-301F-11D3-BF4B-00C04F79EFBC}") = "12. Tehtävä 1", "12. Tehtävä 1\12. Tehtävä 1.csproj", "{EA7CFDB5-DC21-4762-A18A-63D5E175BD21}"
EndProject
Global
	GlobalSection(SolutionConfigurationPlatforms) = preSolution
		Debug|Any CPU = Debug|Any CPU
		Release|Any CPU = Release|Any CPU
	EndGlobalSection
	GlobalSection(ProjectConfigurationPlatforms) = postSolution
		{EA7CFDB5-DC21-4762-A18A-63D5E175BD21}.Debug|Any CPU.ActiveCfg = Debug|Any CPU
		{EA7CFDB5-DC21-4762-A18A-63D5E175BD21}.Debug|Any CPU.Build.0 = Debug|Any CPU
		{EA7CFDB5-DC21-4762-A18A-63D5E175BD21}.Release|Any CPU.ActiveCfg = Release|Any CPU
		{EA7CFDB5-DC21-4762-A18A-63D5E175BD21}.Release|Any CPU.Build.0 = Release|Any CPU
	EndGlobalSection
	GlobalSection(SolutionProperties) = preSolution
		HideSolutionNode = FALSE
	EndGlobalSection
	GlobalSection(ExtensibilityGlobals) = postSolution
		SolutionGuid = {6BC56A53-58A0-419B-B5CE-0C2A461B5C8C}
	EndGlobalSection
EndGlobal
