
Microsoft Visual Studio Solution File, Format Version 12.00
# Visual Studio Version 17
VisualStudioVersion = 17.11.35312.102
MinimumVisualStudioVersion = 10.0.40219.1
Project("{FAE04EC0-301F-11D3-BF4B-00C04F79EFBC}") = "10. Tehtävä 2", "10. Tehtävä 2\10. Tehtävä 2.csproj", "{7424702F-1216-4B8F-B887-4686220E0B10}"
EndProject
Global
	GlobalSection(SolutionConfigurationPlatforms) = preSolution
		Debug|Any CPU = Debug|Any CPU
		Release|Any CPU = Release|Any CPU
	EndGlobalSection
	GlobalSection(ProjectConfigurationPlatforms) = postSolution
		{7424702F-1216-4B8F-B887-4686220E0B10}.Debug|Any CPU.ActiveCfg = Debug|Any CPU
		{7424702F-1216-4B8F-B887-4686220E0B10}.Debug|Any CPU.Build.0 = Debug|Any CPU
		{7424702F-1216-4B8F-B887-4686220E0B10}.Release|Any CPU.ActiveCfg = Release|Any CPU
		{7424702F-1216-4B8F-B887-4686220E0B10}.Release|Any CPU.Build.0 = Release|Any CPU
	EndGlobalSection
	GlobalSection(SolutionProperties) = preSolution
		HideSolutionNode = FALSE
	EndGlobalSection
	GlobalSection(ExtensibilityGlobals) = postSolution
		SolutionGuid = {45C4A5E4-72F8-4B42-A008-CB779B7D1D93}
	EndGlobalSection
EndGlobal
