
Microsoft Visual Studio Solution File, Format Version 12.00
# Visual Studio Version 17
VisualStudioVersion = 17.11.35312.102
MinimumVisualStudioVersion = 10.0.40219.1
Project("{FAE04EC0-301F-11D3-BF4B-00C04F79EFBC}") = "7. Tehtävä 14", "7. Tehtävä 14\7. Tehtävä 14.csproj", "{9DC9F0BB-33FF-4FF0-BD0C-6AA229DDC9FE}"
EndProject
Global
	GlobalSection(SolutionConfigurationPlatforms) = preSolution
		Debug|Any CPU = Debug|Any CPU
		Release|Any CPU = Release|Any CPU
	EndGlobalSection
	GlobalSection(ProjectConfigurationPlatforms) = postSolution
		{9DC9F0BB-33FF-4FF0-BD0C-6AA229DDC9FE}.Debug|Any CPU.ActiveCfg = Debug|Any CPU
		{9DC9F0BB-33FF-4FF0-BD0C-6AA229DDC9FE}.Debug|Any CPU.Build.0 = Debug|Any CPU
		{9DC9F0BB-33FF-4FF0-BD0C-6AA229DDC9FE}.Release|Any CPU.ActiveCfg = Release|Any CPU
		{9DC9F0BB-33FF-4FF0-BD0C-6AA229DDC9FE}.Release|Any CPU.Build.0 = Release|Any CPU
	EndGlobalSection
	GlobalSection(SolutionProperties) = preSolution
		HideSolutionNode = FALSE
	EndGlobalSection
	GlobalSection(ExtensibilityGlobals) = postSolution
		SolutionGuid = {37FFC866-33AB-45BF-B062-8C9D84185D67}
	EndGlobalSection
EndGlobal
