
Microsoft Visual Studio Solution File, Format Version 12.00
# Visual Studio Version 17
VisualStudioVersion = 17.11.35312.102
MinimumVisualStudioVersion = 10.0.40219.1
Project("{FAE04EC0-301F-11D3-BF4B-00C04F79EFBC}") = "11. Tehtävä 3", "11. Tehtävä 3\11. Tehtävä 3.csproj", "{BA2AF683-1AD0-41C5-B663-14F45AFFD117}"
EndProject
Global
	GlobalSection(SolutionConfigurationPlatforms) = preSolution
		Debug|Any CPU = Debug|Any CPU
		Release|Any CPU = Release|Any CPU
	EndGlobalSection
	GlobalSection(ProjectConfigurationPlatforms) = postSolution
		{BA2AF683-1AD0-41C5-B663-14F45AFFD117}.Debug|Any CPU.ActiveCfg = Debug|Any CPU
		{BA2AF683-1AD0-41C5-B663-14F45AFFD117}.Debug|Any CPU.Build.0 = Debug|Any CPU
		{BA2AF683-1AD0-41C5-B663-14F45AFFD117}.Release|Any CPU.ActiveCfg = Release|Any CPU
		{BA2AF683-1AD0-41C5-B663-14F45AFFD117}.Release|Any CPU.Build.0 = Release|Any CPU
	EndGlobalSection
	GlobalSection(SolutionProperties) = preSolution
		HideSolutionNode = FALSE
	EndGlobalSection
	GlobalSection(ExtensibilityGlobals) = postSolution
		SolutionGuid = {702CF7AC-A0F3-40E4-B796-56F36F058A17}
	EndGlobalSection
EndGlobal
