
Microsoft Visual Studio Solution File, Format Version 12.00
# Visual Studio Version 17
VisualStudioVersion = 17.11.35312.102
MinimumVisualStudioVersion = 10.0.40219.1
Project("{FAE04EC0-301F-11D3-BF4B-00C04F79EFBC}") = "Testi 1", "Testi 1\Testi 1.csproj", "{D2A5A8FA-0DFE-4255-8FB3-7773022E9B40}"
EndProject
Global
	GlobalSection(SolutionConfigurationPlatforms) = preSolution
		Debug|Any CPU = Debug|Any CPU
		Release|Any CPU = Release|Any CPU
	EndGlobalSection
	GlobalSection(ProjectConfigurationPlatforms) = postSolution
		{D2A5A8FA-0DFE-4255-8FB3-7773022E9B40}.Debug|Any CPU.ActiveCfg = Debug|Any CPU
		{D2A5A8FA-0DFE-4255-8FB3-7773022E9B40}.Debug|Any CPU.Build.0 = Debug|Any CPU
		{D2A5A8FA-0DFE-4255-8FB3-7773022E9B40}.Release|Any CPU.ActiveCfg = Release|Any CPU
		{D2A5A8FA-0DFE-4255-8FB3-7773022E9B40}.Release|Any CPU.Build.0 = Release|Any CPU
	EndGlobalSection
	GlobalSection(SolutionProperties) = preSolution
		HideSolutionNode = FALSE
	EndGlobalSection
	GlobalSection(ExtensibilityGlobals) = postSolution
		SolutionGuid = {07BC0D63-E897-41ED-97BC-965369F7492D}
	EndGlobalSection
EndGlobal
