
Microsoft Visual Studio Solution File, Format Version 12.00
# Visual Studio Version 17
VisualStudioVersion = 17.11.35312.102
MinimumVisualStudioVersion = 10.0.40219.1
Project("{FAE04EC0-301F-11D3-BF4B-00C04F79EFBC}") = "11. Tehtävä 11 uus", "11. Tehtävä 11 uus\11. Tehtävä 11 uus.csproj", "{F525F79C-8EF3-4564-82AC-091BEF9730C5}"
EndProject
Global
	GlobalSection(SolutionConfigurationPlatforms) = preSolution
		Debug|Any CPU = Debug|Any CPU
		Release|Any CPU = Release|Any CPU
	EndGlobalSection
	GlobalSection(ProjectConfigurationPlatforms) = postSolution
		{F525F79C-8EF3-4564-82AC-091BEF9730C5}.Debug|Any CPU.ActiveCfg = Debug|Any CPU
		{F525F79C-8EF3-4564-82AC-091BEF9730C5}.Debug|Any CPU.Build.0 = Debug|Any CPU
		{F525F79C-8EF3-4564-82AC-091BEF9730C5}.Release|Any CPU.ActiveCfg = Release|Any CPU
		{F525F79C-8EF3-4564-82AC-091BEF9730C5}.Release|Any CPU.Build.0 = Release|Any CPU
	EndGlobalSection
	GlobalSection(SolutionProperties) = preSolution
		HideSolutionNode = FALSE
	EndGlobalSection
	GlobalSection(ExtensibilityGlobals) = postSolution
		SolutionGuid = {D49E5B48-D2EE-47F2-98B0-A586703580BF}
	EndGlobalSection
EndGlobal
