
Microsoft Visual Studio Solution File, Format Version 12.00
# Visual Studio Version 17
VisualStudioVersion = 17.11.35312.102
MinimumVisualStudioVersion = 10.0.40219.1
Project("{FAE04EC0-301F-11D3-BF4B-00C04F79EFBC}") = "5. Tehtävä 8", "5. Tehtävä 8\5. Tehtävä 8.csproj", "{C594E455-DE3A-4C86-9A65-C36F9C3E1D05}"
EndProject
Global
	GlobalSection(SolutionConfigurationPlatforms) = preSolution
		Debug|Any CPU = Debug|Any CPU
		Release|Any CPU = Release|Any CPU
	EndGlobalSection
	GlobalSection(ProjectConfigurationPlatforms) = postSolution
		{C594E455-DE3A-4C86-9A65-C36F9C3E1D05}.Debug|Any CPU.ActiveCfg = Debug|Any CPU
		{C594E455-DE3A-4C86-9A65-C36F9C3E1D05}.Debug|Any CPU.Build.0 = Debug|Any CPU
		{C594E455-DE3A-4C86-9A65-C36F9C3E1D05}.Release|Any CPU.ActiveCfg = Release|Any CPU
		{C594E455-DE3A-4C86-9A65-C36F9C3E1D05}.Release|Any CPU.Build.0 = Release|Any CPU
	EndGlobalSection
	GlobalSection(SolutionProperties) = preSolution
		HideSolutionNode = FALSE
	EndGlobalSection
	GlobalSection(ExtensibilityGlobals) = postSolution
		SolutionGuid = {ED65E5CB-3038-486E-A3ED-6B385C7BEEEA}
	EndGlobalSection
EndGlobal
