
Microsoft Visual Studio Solution File, Format Version 12.00
# Visual Studio Version 17
VisualStudioVersion = 17.11.35312.102
MinimumVisualStudioVersion = 10.0.40219.1
Project("{FAE04EC0-301F-11D3-BF4B-00C04F79EFBC}") = "1 kappaleen koodi testi 2", "1 kappaleen koodi testi 2\1 kappaleen koodi testi 2.csproj", "{877E6376-9380-48E8-9313-56D490934C34}"
EndProject
Global
	GlobalSection(SolutionConfigurationPlatforms) = preSolution
		Debug|Any CPU = Debug|Any CPU
		Release|Any CPU = Release|Any CPU
	EndGlobalSection
	GlobalSection(ProjectConfigurationPlatforms) = postSolution
		{877E6376-9380-48E8-9313-56D490934C34}.Debug|Any CPU.ActiveCfg = Debug|Any CPU
		{877E6376-9380-48E8-9313-56D490934C34}.Debug|Any CPU.Build.0 = Debug|Any CPU
		{877E6376-9380-48E8-9313-56D490934C34}.Release|Any CPU.ActiveCfg = Release|Any CPU
		{877E6376-9380-48E8-9313-56D490934C34}.Release|Any CPU.Build.0 = Release|Any CPU
	EndGlobalSection
	GlobalSection(SolutionProperties) = preSolution
		HideSolutionNode = FALSE
	EndGlobalSection
	GlobalSection(ExtensibilityGlobals) = postSolution
		SolutionGuid = {8A77B7D1-3D47-43F3-916F-2DCE5E98A006}
	EndGlobalSection
EndGlobal
