
Microsoft Visual Studio Solution File, Format Version 12.00
# Visual Studio Version 17
VisualStudioVersion = 17.11.35312.102
MinimumVisualStudioVersion = 10.0.40219.1
Project("{FAE04EC0-301F-11D3-BF4B-00C04F79EFBC}") = "8. Tehtävä 6", "8. Tehtävä 6\8. Tehtävä 6.csproj", "{F41F7EC3-DF19-4A58-8E94-28BA030CE5A5}"
EndProject
Global
	GlobalSection(SolutionConfigurationPlatforms) = preSolution
		Debug|Any CPU = Debug|Any CPU
		Release|Any CPU = Release|Any CPU
	EndGlobalSection
	GlobalSection(ProjectConfigurationPlatforms) = postSolution
		{F41F7EC3-DF19-4A58-8E94-28BA030CE5A5}.Debug|Any CPU.ActiveCfg = Debug|Any CPU
		{F41F7EC3-DF19-4A58-8E94-28BA030CE5A5}.Debug|Any CPU.Build.0 = Debug|Any CPU
		{F41F7EC3-DF19-4A58-8E94-28BA030CE5A5}.Release|Any CPU.ActiveCfg = Release|Any CPU
		{F41F7EC3-DF19-4A58-8E94-28BA030CE5A5}.Release|Any CPU.Build.0 = Release|Any CPU
	EndGlobalSection
	GlobalSection(SolutionProperties) = preSolution
		HideSolutionNode = FALSE
	EndGlobalSection
	GlobalSection(ExtensibilityGlobals) = postSolution
		SolutionGuid = {1E08CC21-CDAA-4F6B-AE12-E0796AC5F46C}
	EndGlobalSection
EndGlobal
