
Microsoft Visual Studio Solution File, Format Version 12.00
# Visual Studio Version 17
VisualStudioVersion = 17.11.35312.102
MinimumVisualStudioVersion = 10.0.40219.1
Project("{FAE04EC0-301F-11D3-BF4B-00C04F79EFBC}") = "8. Tehtävä 7", "8. Tehtävä 7\8. Tehtävä 7.csproj", "{82230395-5A64-44F6-B110-708FA98FE9BC}"
EndProject
Global
	GlobalSection(SolutionConfigurationPlatforms) = preSolution
		Debug|Any CPU = Debug|Any CPU
		Release|Any CPU = Release|Any CPU
	EndGlobalSection
	GlobalSection(ProjectConfigurationPlatforms) = postSolution
		{82230395-5A64-44F6-B110-708FA98FE9BC}.Debug|Any CPU.ActiveCfg = Debug|Any CPU
		{82230395-5A64-44F6-B110-708FA98FE9BC}.Debug|Any CPU.Build.0 = Debug|Any CPU
		{82230395-5A64-44F6-B110-708FA98FE9BC}.Release|Any CPU.ActiveCfg = Release|Any CPU
		{82230395-5A64-44F6-B110-708FA98FE9BC}.Release|Any CPU.Build.0 = Release|Any CPU
	EndGlobalSection
	GlobalSection(SolutionProperties) = preSolution
		HideSolutionNode = FALSE
	EndGlobalSection
	GlobalSection(ExtensibilityGlobals) = postSolution
		SolutionGuid = {B37935E7-034F-4C5B-B53D-3D589B403FAD}
	EndGlobalSection
EndGlobal
