
Microsoft Visual Studio Solution File, Format Version 12.00
# Visual Studio Version 17
VisualStudioVersion = 17.11.35312.102
MinimumVisualStudioVersion = 10.0.40219.1
Project("{FAE04EC0-301F-11D3-BF4B-00C04F79EFBC}") = "2. Eemeli Jalonen", "2. Eemeli Jalonen\2. Eemeli Jalonen.csproj", "{78EF6238-A02E-4DCD-B05E-EEF4877EB945}"
EndProject
Global
	GlobalSection(SolutionConfigurationPlatforms) = preSolution
		Debug|Any CPU = Debug|Any CPU
		Release|Any CPU = Release|Any CPU
	EndGlobalSection
	GlobalSection(ProjectConfigurationPlatforms) = postSolution
		{78EF6238-A02E-4DCD-B05E-EEF4877EB945}.Debug|Any CPU.ActiveCfg = Debug|Any CPU
		{78EF6238-A02E-4DCD-B05E-EEF4877EB945}.Debug|Any CPU.Build.0 = Debug|Any CPU
		{78EF6238-A02E-4DCD-B05E-EEF4877EB945}.Release|Any CPU.ActiveCfg = Release|Any CPU
		{78EF6238-A02E-4DCD-B05E-EEF4877EB945}.Release|Any CPU.Build.0 = Release|Any CPU
	EndGlobalSection
	GlobalSection(SolutionProperties) = preSolution
		HideSolutionNode = FALSE
	EndGlobalSection
	GlobalSection(ExtensibilityGlobals) = postSolution
		SolutionGuid = {6B518918-48F0-4C4C-BE85-060DF68C55D6}
	EndGlobalSection
EndGlobal
