
Microsoft Visual Studio Solution File, Format Version 12.00
# Visual Studio Version 17
VisualStudioVersion = 17.11.35312.102
MinimumVisualStudioVersion = 10.0.40219.1
Project("{FAE04EC0-301F-11D3-BF4B-00C04F79EFBC}") = "11. Tehtävä 11 testi", "11. Tehtävä 11 testi\11. Tehtävä 11 testi.csproj", "{786364BA-4F5A-4F13-9FDC-3B294BA5604A}"
EndProject
Global
	GlobalSection(SolutionConfigurationPlatforms) = preSolution
		Debug|Any CPU = Debug|Any CPU
		Release|Any CPU = Release|Any CPU
	EndGlobalSection
	GlobalSection(ProjectConfigurationPlatforms) = postSolution
		{786364BA-4F5A-4F13-9FDC-3B294BA5604A}.Debug|Any CPU.ActiveCfg = Debug|Any CPU
		{786364BA-4F5A-4F13-9FDC-3B294BA5604A}.Debug|Any CPU.Build.0 = Debug|Any CPU
		{786364BA-4F5A-4F13-9FDC-3B294BA5604A}.Release|Any CPU.ActiveCfg = Release|Any CPU
		{786364BA-4F5A-4F13-9FDC-3B294BA5604A}.Release|Any CPU.Build.0 = Release|Any CPU
	EndGlobalSection
	GlobalSection(SolutionProperties) = preSolution
		HideSolutionNode = FALSE
	EndGlobalSection
	GlobalSection(ExtensibilityGlobals) = postSolution
		SolutionGuid = {981AF5A9-11F8-44C9-BA33-6C9BD724585E}
	EndGlobalSection
EndGlobal
