
Microsoft Visual Studio Solution File, Format Version 12.00
# Visual Studio Version 17
VisualStudioVersion = 17.11.35312.102
MinimumVisualStudioVersion = 10.0.40219.1
Project("{FAE04EC0-301F-11D3-BF4B-00C04F79EFBC}") = "11. Tehtävä 1", "11. Tehtävä 1\11. Tehtävä 1.csproj", "{07A1DD3F-804B-4CB7-8435-30BC83DEDC57}"
EndProject
Global
	GlobalSection(SolutionConfigurationPlatforms) = preSolution
		Debug|Any CPU = Debug|Any CPU
		Release|Any CPU = Release|Any CPU
	EndGlobalSection
	GlobalSection(ProjectConfigurationPlatforms) = postSolution
		{07A1DD3F-804B-4CB7-8435-30BC83DEDC57}.Debug|Any CPU.ActiveCfg = Debug|Any CPU
		{07A1DD3F-804B-4CB7-8435-30BC83DEDC57}.Debug|Any CPU.Build.0 = Debug|Any CPU
		{07A1DD3F-804B-4CB7-8435-30BC83DEDC57}.Release|Any CPU.ActiveCfg = Release|Any CPU
		{07A1DD3F-804B-4CB7-8435-30BC83DEDC57}.Release|Any CPU.Build.0 = Release|Any CPU
	EndGlobalSection
	GlobalSection(SolutionProperties) = preSolution
		HideSolutionNode = FALSE
	EndGlobalSection
	GlobalSection(ExtensibilityGlobals) = postSolution
		SolutionGuid = {E714E5DB-40C2-4F84-ACA9-7511BC74CB2D}
	EndGlobalSection
EndGlobal
