
Microsoft Visual Studio Solution File, Format Version 12.00
# Visual Studio Version 17
VisualStudioVersion = 17.11.35312.102
MinimumVisualStudioVersion = 10.0.40219.1
Project("{FAE04EC0-301F-11D3-BF4B-00C04F79EFBC}") = "5. Tehtävä 3", "5. Tehtävä 3\5. Tehtävä 3.csproj", "{327D1B35-2ADF-438B-9DDE-5C3F2DC90102}"
EndProject
Global
	GlobalSection(SolutionConfigurationPlatforms) = preSolution
		Debug|Any CPU = Debug|Any CPU
		Release|Any CPU = Release|Any CPU
	EndGlobalSection
	GlobalSection(ProjectConfigurationPlatforms) = postSolution
		{327D1B35-2ADF-438B-9DDE-5C3F2DC90102}.Debug|Any CPU.ActiveCfg = Debug|Any CPU
		{327D1B35-2ADF-438B-9DDE-5C3F2DC90102}.Debug|Any CPU.Build.0 = Debug|Any CPU
		{327D1B35-2ADF-438B-9DDE-5C3F2DC90102}.Release|Any CPU.ActiveCfg = Release|Any CPU
		{327D1B35-2ADF-438B-9DDE-5C3F2DC90102}.Release|Any CPU.Build.0 = Release|Any CPU
	EndGlobalSection
	GlobalSection(SolutionProperties) = preSolution
		HideSolutionNode = FALSE
	EndGlobalSection
	GlobalSection(ExtensibilityGlobals) = postSolution
		SolutionGuid = {B61828A6-BB64-4410-97EC-7F24EDA3690E}
	EndGlobalSection
EndGlobal
