
Microsoft Visual Studio Solution File, Format Version 12.00
# Visual Studio Version 17
VisualStudioVersion = 17.11.35312.102
MinimumVisualStudioVersion = 10.0.40219.1
Project("{FAE04EC0-301F-11D3-BF4B-00C04F79EFBC}") = "11. Tehtävä 7", "11. Tehtävä 7\11. Tehtävä 7.csproj", "{787E8ED5-49A9-46F5-B9DF-8D8D75DD2C7B}"
EndProject
Global
	GlobalSection(SolutionConfigurationPlatforms) = preSolution
		Debug|Any CPU = Debug|Any CPU
		Release|Any CPU = Release|Any CPU
	EndGlobalSection
	GlobalSection(ProjectConfigurationPlatforms) = postSolution
		{787E8ED5-49A9-46F5-B9DF-8D8D75DD2C7B}.Debug|Any CPU.ActiveCfg = Debug|Any CPU
		{787E8ED5-49A9-46F5-B9DF-8D8D75DD2C7B}.Debug|Any CPU.Build.0 = Debug|Any CPU
		{787E8ED5-49A9-46F5-B9DF-8D8D75DD2C7B}.Release|Any CPU.ActiveCfg = Release|Any CPU
		{787E8ED5-49A9-46F5-B9DF-8D8D75DD2C7B}.Release|Any CPU.Build.0 = Release|Any CPU
	EndGlobalSection
	GlobalSection(SolutionProperties) = preSolution
		HideSolutionNode = FALSE
	EndGlobalSection
	GlobalSection(ExtensibilityGlobals) = postSolution
		SolutionGuid = {4126D327-B323-4A53-AD76-9F017F704BF8}
	EndGlobalSection
EndGlobal
