
Microsoft Visual Studio Solution File, Format Version 12.00
# Visual Studio Version 17
VisualStudioVersion = 17.11.35312.102
MinimumVisualStudioVersion = 10.0.40219.1
Project("{FAE04EC0-301F-11D3-BF4B-00C04F79EFBC}") = "4. tehtävä 7", "4. tehtävä 7\4. tehtävä 7.csproj", "{201FD6B1-0343-4F00-B504-4F7C32AB838C}"
EndProject
Global
	GlobalSection(SolutionConfigurationPlatforms) = preSolution
		Debug|Any CPU = Debug|Any CPU
		Release|Any CPU = Release|Any CPU
	EndGlobalSection
	GlobalSection(ProjectConfigurationPlatforms) = postSolution
		{201FD6B1-0343-4F00-B504-4F7C32AB838C}.Debug|Any CPU.ActiveCfg = Debug|Any CPU
		{201FD6B1-0343-4F00-B504-4F7C32AB838C}.Debug|Any CPU.Build.0 = Debug|Any CPU
		{201FD6B1-0343-4F00-B504-4F7C32AB838C}.Release|Any CPU.ActiveCfg = Release|Any CPU
		{201FD6B1-0343-4F00-B504-4F7C32AB838C}.Release|Any CPU.Build.0 = Release|Any CPU
	EndGlobalSection
	GlobalSection(SolutionProperties) = preSolution
		HideSolutionNode = FALSE
	EndGlobalSection
	GlobalSection(ExtensibilityGlobals) = postSolution
		SolutionGuid = {DA0D5705-B7BF-4C1D-9661-D7FB2BD751B9}
	EndGlobalSection
EndGlobal
